<?xml version="1.0" encoding="utf-8"?>
<Project ToolsVersion="4.0" xmlns="http://schemas.microsoft.com/developer/msbuild/2003">
  <ItemGroup>
    <Filter Include="Source Files">
      <UniqueIdentifier>{4FC737F1-C7A5-4376-A066-2A32D752A2FF}</UniqueIdentifier>
      <Extensions>cpp;c;cc;cxx;def;odl;idl;hpj;bat;asm;asmx</Extensions>
    </Filter>
    <Filter Include="Header Files">
      <UniqueIdentifier>{93995380-89BD-4b04-88EB-625FBE52EBFB}</UniqueIdentifier>
      <Extensions>h;hh;hpp;hxx;hm;inl;inc;ipp;xsd</Extensions>
    </Filter>
    <Filter Include="Resource Files">
      <UniqueIdentifier>{67DA6AB6-F800-4c08-8B7A-83BB121AAD01}</UniqueIdentifier>
      <Extensions>rc;ico;cur;bmp;dlg;rc2;rct;bin;rgs;gif;jpg;jpeg;jpe;resx;tiff;tif;png;wav;mfcribbon-ms</Extensions>
    </Filter>
    <Filter Include="Header Files\Exp">
      <UniqueIdentifier>{107bfbe3-45de-431f-9f96-2f6d84dda1b5}</UniqueIdentifier>
    </Filter>
    <Filter Include="Header Files\已完成">
      <UniqueIdentifier>{162f60be-3708-4b4d-84a4-62cd1eb6576a}</UniqueIdentifier>
    </Filter>
    <Filter Include="Header Files\已完成\Week6">
      <UniqueIdentifier>{5e0d31e5-5439-46b1-8a7e-c8627d0ce29f}</UniqueIdentifier>
    </Filter>
    <Filter Include="Header Files\已完成\Week7">
      <UniqueIdentifier>{b298b624-64df-4d2c-9daa-3bb55f5be551}</UniqueIdentifier>
    </Filter>
    <Filter Include="Header Files\已完成\Week8">
      <UniqueIdentifier>{2f1e8bd7-56f9-448e-bd52-0484e5c00e67}</UniqueIdentifier>
    </Filter>
    <Filter Include="Header Files\已完成\Week9">
      <UniqueIdentifier>{9b2dce9a-21c3-4cb1-9686-b1d1cd7f7045}</UniqueIdentifier>
    </Filter>
    <Filter Include="Header Files\已完成\Week10">
      <UniqueIdentifier>{fe89e080-bb27-44fd-a5a8-0f9e233632f2}</UniqueIdentifier>
    </Filter>
    <Filter Include="Header Files\已完成\Week5">
      <UniqueIdentifier>{8206f056-218e-4af0-8cd8-56b7b90c47b5}</UniqueIdentifier>
    </Filter>
    <Filter Include="Header Files\未完成">
      <UniqueIdentifier>{5608da58-339e-45f3-a172-b9403834e2bb}</UniqueIdentifier>
    </Filter>
    <Filter Include="Header Files\未完成\Week16">
      <UniqueIdentifier>{2ffc4b6f-cc31-45d8-8a57-68945604c182}</UniqueIdentifier>
    </Filter>
    <Filter Include="Header Files\未完成\Week15">
      <UniqueIdentifier>{d464d413-225f-4844-aa0b-771f93de19ba}</UniqueIdentifier>
    </Filter>
    <Filter Include="Header Files\未完成\Week14">
      <UniqueIdentifier>{d6599345-b6d7-4cb3-bc62-84c628564015}</UniqueIdentifier>
    </Filter>
    <Filter Include="Header Files\已完成\Week11">
      <UniqueIdentifier>{afffdde6-f412-4c13-98fe-179c065eebab}</UniqueIdentifier>
    </Filter>
    <Filter Include="Header Files\已完成\Week12">
      <UniqueIdentifier>{cb32eaa5-7ac6-4e5f-a7ae-4871a792aa1e}</UniqueIdentifier>
    </Filter>
    <Filter Include="Header Files\已完成\Week13">
      <UniqueIdentifier>{23b5699b-6112-40fa-9c10-b19826e8df42}</UniqueIdentifier>
    </Filter>
  </ItemGroup>
  <ItemGroup>
    <ClCompile Include="Source.cpp">
      <Filter>Resource Files</Filter>
    </ClCompile>
    <ClCompile Include="WinnerTree.cpp">
      <Filter>Resource Files</Filter>
    </ClCompile>
    <ClCompile Include="LoserTree.cpp">
      <Filter>Resource Files</Filter>
    </ClCompile>
  </ItemGroup>
  <ItemGroup>
    <ClInclude Include="P340.h">
      <Filter>Header Files\已完成\Week10</Filter>
    </ClInclude>
    <ClInclude Include="P352.h">
      <Filter>Header Files\已完成\Week10</Filter>
    </ClInclude>
    <ClInclude Include="P359.h">
      <Filter>Header Files\已完成\Week10</Filter>
    </ClInclude>
    <ClInclude Include="P301.h">
      <Filter>Header Files\已完成\Week9</Filter>
    </ClInclude>
    <ClInclude Include="P304.h">
      <Filter>Header Files\已完成\Week9</Filter>
    </ClInclude>
    <ClInclude Include="P316.h">
      <Filter>Header Files\已完成\Week9</Filter>
    </ClInclude>
    <ClInclude Include="P287.h">
      <Filter>Header Files\已完成\Week8</Filter>
    </ClInclude>
    <ClInclude Include="P277_P278.h">
      <Filter>Header Files\已完成\Week8</Filter>
    </ClInclude>
    <ClInclude Include="Experiment3.h">
      <Filter>Header Files\Exp</Filter>
    </ClInclude>
    <ClInclude Include="Experiment1.h">
      <Filter>Header Files\Exp</Filter>
    </ClInclude>
    <ClInclude Include="Experiment2.h">
      <Filter>Header Files\Exp</Filter>
    </ClInclude>
    <ClInclude Include="P267.h">
      <Filter>Header Files\已完成\Week7</Filter>
    </ClInclude>
    <ClInclude Include="P272_P273.h">
      <Filter>Header Files\已完成\Week7</Filter>
    </ClInclude>
    <ClInclude Include="P201.h">
      <Filter>Header Files\已完成\Week6</Filter>
    </ClInclude>
    <ClInclude Include="P225.h">
      <Filter>Header Files\已完成\Week6</Filter>
    </ClInclude>
    <ClInclude Include="P183_P184.h">
      <Filter>Header Files\已完成\Week5</Filter>
    </ClInclude>
    <ClInclude Include="P194.h">
      <Filter>Header Files\已完成\Week5</Filter>
    </ClInclude>
    <ClInclude Include="P372_P373_P375.h">
      <Filter>Header Files\已完成\Week11</Filter>
    </ClInclude>
    <ClInclude Include="P389_P390.h">
      <Filter>Header Files\已完成\Week12</Filter>
    </ClInclude>
    <ClInclude Include="P401_P405.h">
      <Filter>Header Files\已完成\Week12</Filter>
    </ClInclude>
    <ClInclude Include="P412_P416_P422.h">
      <Filter>Header Files\已完成\Week13</Filter>
    </ClInclude>
    <ClInclude Include="P475.h">
      <Filter>Header Files\未完成\Week14</Filter>
    </ClInclude>
    <ClInclude Include="P578.h">
      <Filter>Header Files\未完成\Week14</Filter>
    </ClInclude>
    <ClInclude Include="Experiment4.h">
      <Filter>Header Files\Exp</Filter>
    </ClInclude>
    <ClInclude Include="P609.h">
      <Filter>Header Files\未完成\Week15</Filter>
    </ClInclude>
    <ClInclude Include="P623.h">
      <Filter>Header Files\未完成\Week15</Filter>
    </ClInclude>
    <ClInclude Include="P296.h">
      <Filter>Header Files\已完成\Week7</Filter>
    </ClInclude>
  </ItemGroup>
</Project>